{
  "nodes": {
    "flakeNimbleLib": {
      "inputs": {
        "nixpkgs": [
          "nixpkgs"
        ]
      },
      "locked": {
        "lastModified": 1662018438,
        "narHash": "sha256-QtNtU6+LX3Wokxf0zlFwKTFOcn6TeDjKQZ+DA9OYtvM=",
        "owner": "riinr",
        "repo": "nim-flakes-lib",
        "rev": "b1fe8340736e3a85d25c709ac3dfd82a55c03cbf",
        "type": "github"
      },
      "original": {
        "owner": "riinr",
        "ref": "master",
        "repo": "nim-flakes-lib",
        "type": "github"
      }
    },
    "nixpkgs": {
      "locked": {
        "lastModified": 1667110639,
        "narHash": "sha256-4FbPESZ5LbqQxkJJJBAfk/zKgF9h/4kyUwjjpJwYlbc=",
        "owner": "NixOS",
        "repo": "nixpkgs",
        "rev": "f38a1f04d1bec1feb61fd101a0539ae2002a7087",
        "type": "github"
      },
      "original": {
        "id": "nixpkgs",
        "type": "indirect"
      }
    },
    "root": {
      "inputs": {
        "flakeNimbleLib": "flakeNimbleLib",
        "nixpkgs": "nixpkgs",
        "ttmath-master": "ttmath-master"
      }
    },
    "src-ttmath-master": {
      "flake": false,
      "locked": {
        "lastModified": 1546437302,
        "narHash": "sha256-C/vspfSJJcesfv7rIiWyWDDkBlE0qNDByV+SqkXEaq0=",
        "owner": "status-im",
        "repo": "nim-ttmath",
        "rev": "7dbe600698635c7b84444404702f1ce58248bfb5",
        "type": "github"
      },
      "original": {
        "owner": "status-im",
        "ref": "refs/heads/master",
        "repo": "nim-ttmath",
        "type": "github"
      }
    },
    "ttmath-master": {
      "inputs": {
        "flakeNimbleLib": [
          "flakeNimbleLib"
        ],
        "nixpkgs": [
          "nixpkgs"
        ],
        "src-ttmath-master": "src-ttmath-master"
      },
      "locked": {
        "dir": "master",
        "lastModified": 1662254901,
        "narHash": "sha256-zadtw8G9jm3dT9wyuJ+C4TpRfkIJUVXlg6F1hgcKHFE=",
        "owner": "nim-nix-pkgs",
        "repo": "ttmath",
        "rev": "04804178d49057a93ac93491fd5dc569387c8114",
        "type": "github"
      },
      "original": {
        "dir": "master",
        "owner": "nim-nix-pkgs",
        "ref": "master",
        "repo": "ttmath",
        "type": "github"
      }
    }
  },
  "root": "root",
  "version": 7
}
